
Microsoft Visual Studio Solution File, Format Version 12.00
# Visual Studio Version 16
VisualStudioVersion = 16.0.31112.23
MinimumVisualStudioVersion = 10.0.40219.1
Project("{FAE04EC0-301F-11D3-BF4B-00C04F79EFBC}") = "DataStructure", "DataStructure\DataStructure.csproj", "{B8E8CFE9-E322-4581-942F-2BDB5F342052}"
EndProject
Global
	GlobalSection(SolutionConfigurationPlatforms) = preSolution
		Debug|Any CPU = Debug|Any CPU
		Release|Any CPU = Release|Any CPU
	EndGlobalSection
	GlobalSection(ProjectConfigurationPlatforms) = postSolution
		{B8E8CFE9-E322-4581-942F-2BDB5F342052}.Debug|Any CPU.ActiveCfg = Debug|Any CPU
		{B8E8CFE9-E322-4581-942F-2BDB5F342052}.Debug|Any CPU.Build.0 = Debug|Any CPU
		{B8E8CFE9-E322-4581-942F-2BDB5F342052}.Release|Any CPU.ActiveCfg = Release|Any CPU
		{B8E8CFE9-E322-4581-942F-2BDB5F342052}.Release|Any CPU.Build.0 = Release|Any CPU
	EndGlobalSection
	GlobalSection(SolutionProperties) = preSolution
		HideSolutionNode = FALSE
	EndGlobalSection
	GlobalSection(ExtensibilityGlobals) = postSolution
		SolutionGuid = {DC7A8C5D-38FB-47D6-95DE-5EE6E2495194}
	EndGlobalSection
EndGlobal
